{
  "pins" : [
    {
      "identity" : "displaylink",
      "kind" : "remoteSourceControl",
      "location" : "https://github.com/timdonnelly/DisplayLink",
      "state" : {
        "revision" : "e95f592a176246172324f10eb1bdc92f121d479f",
        "version" : "0.2.0"
      }
    },
    {
      "identity" : "gltfscenekit",
      "kind" : "remoteSourceControl",
      "location" : "https://github.com/frzi/GLTFSceneKit",
      "state" : {
        "revision" : "a9587ec5c6515ee7d036533fdd909815a9a718ef",
        "version" : "0.4.1"
      }
    },
    {
      "identity" : "multicastdelegate",
      "kind" : "remoteSourceControl",
      "location" : "https://github.com/v-grigoriev/MulticastDelegate.git",
      "state" : {
        "revision" : "d650db9f294d2ebeab9e48e1825b6a16af860a62",
        "version" : "1.0.1"
      }
    },
    {
      "identity" : "resolver",
      "kind" : "remoteSourceControl",
      "location" : "https://github.com/hmlongco/Resolver",
      "state" : {
        "revision" : "97de0b0320036607564af4a60025b48f8d041221",
        "version" : "1.5.0"
      }
    },
    {
      "identity" : "scnrecorder",
      "kind" : "remoteSourceControl",
      "location" : "https://github.com/gorastudio-ceo/SCNRecorder",
      "state" : {
        "revision" : "e4e1b7c579eff8feb4a93f2c9c31940a54cdcd07",
        "version" : "2.8.1"
      }
    },
    {
      "identity" : "snapkit",
      "kind" : "remoteSourceControl",
      "location" : "https://github.com/SnapKit/SnapKit",
      "state" : {
        "revision" : "f222cbdf325885926566172f6f5f06af95473158",
        "version" : "5.6.0"
      }
    },
    {
      "identity" : "tocropviewcontroller",
      "kind" : "remoteSourceControl",
      "location" : "https://github.com/TimOliver/TOCropViewController",
      "state" : {
        "revision" : "d0470491f56e734731bbf77991944c0dfdee3e0e",
        "version" : "2.6.1"
      }
    }
  ],
  "version" : 2
}
