// !$*UTF8*$!
{
	archiveVersion = 1;
	classes = {
	};
	objectVersion = 56;
	objects = {

/* Begin PBXBuildFile section */
		B381674B29A39BA40077A9FB /* Strings+Generated.swift in Sources */ = {isa = PBXBuildFile; fileRef = B381674929A39BA40077A9FB /* Strings+Generated.swift */; };
		B381674C29A39BA40077A9FB /* XCAssets+Generated.swift in Sources */ = {isa = PBXBuildFile; fileRef = B381674A29A39BA40077A9FB /* XCAssets+Generated.swift */; };
		B3B2C8C6299F7BEA00474A3D /* AppDelegate.swift in Sources */ = {isa = PBXBuildFile; fileRef = B3B2C8C5299F7BEA00474A3D /* AppDelegate.swift */; };
		B3B2C8CC299F7BEC00474A3D /* Images.xcassets in Resources */ = {isa = PBXBuildFile; fileRef = B3B2C8CB299F7BEC00474A3D /* Images.xcassets */; };
		B3B2C8CF299F7BEC00474A3D /* Preview Assets.xcassets in Resources */ = {isa = PBXBuildFile; fileRef = B3B2C8CE299F7BEC00474A3D /* Preview Assets.xcassets */; };
		B3CDC11929A371CB00AD0B7A /* InfoPlist.strings in Resources */ = {isa = PBXBuildFile; fileRef = B3CDC11B29A371CB00AD0B7A /* InfoPlist.strings */; };
		B3CDC12229A398B000AD0B7A /* Colors.xcassets in Resources */ = {isa = PBXBuildFile; fileRef = B3CDC12129A398B000AD0B7A /* Colors.xcassets */; };
		B3D8BCE0299F89F400BEA574 /* Localizable.strings in Resources */ = {isa = PBXBuildFile; fileRef = B3D8BCE2299F89F400BEA574 /* Localizable.strings */; };
		B3EFFE8B29A8B7E500CF07F2 /* BaseCoordinator.swift in Sources */ = {isa = PBXBuildFile; fileRef = B3EFFE8A29A8B7E500CF07F2 /* BaseCoordinator.swift */; };
		B3EFFE8D29A8B81000CF07F2 /* Router.swift in Sources */ = {isa = PBXBuildFile; fileRef = B3EFFE8C29A8B81000CF07F2 /* Router.swift */; };
		B3EFFE8F29A8B81D00CF07F2 /* BaseNavigationController.swift in Sources */ = {isa = PBXBuildFile; fileRef = B3EFFE8E29A8B81D00CF07F2 /* BaseNavigationController.swift */; };
		B3EFFE9129A8B87200CF07F2 /* NotificationCenter.swift in Sources */ = {isa = PBXBuildFile; fileRef = B3EFFE9029A8B87200CF07F2 /* NotificationCenter.swift */; };
		B3EFFE9429A8B99500CF07F2 /* Resolver in Frameworks */ = {isa = PBXBuildFile; productRef = B3EFFE9329A8B99500CF07F2 /* Resolver */; };
		B3EFFE9629A8BA3700CF07F2 /* AppCoordinator.swift in Sources */ = {isa = PBXBuildFile; fileRef = B3EFFE9529A8BA3700CF07F2 /* AppCoordinator.swift */; };
		B3EFFE9E29A8BDFD00CF07F2 /* SplashScreenContract.swift in Sources */ = {isa = PBXBuildFile; fileRef = B3EFFE9729A8BDFD00CF07F2 /* SplashScreenContract.swift */; };
		B3EFFE9F29A8BDFD00CF07F2 /* SplashScreenViewController.swift in Sources */ = {isa = PBXBuildFile; fileRef = B3EFFE9829A8BDFD00CF07F2 /* SplashScreenViewController.swift */; };
		B3EFFEA029A8BDFD00CF07F2 /* SplashScreenAssembly.swift in Sources */ = {isa = PBXBuildFile; fileRef = B3EFFE9929A8BDFD00CF07F2 /* SplashScreenAssembly.swift */; };
		B3EFFEA229A8BDFD00CF07F2 /* SplashScreenView.swift in Sources */ = {isa = PBXBuildFile; fileRef = B3EFFE9B29A8BDFD00CF07F2 /* SplashScreenView.swift */; };
		B3EFFEA329A8BDFD00CF07F2 /* SplashScreenViewModel.swift in Sources */ = {isa = PBXBuildFile; fileRef = B3EFFE9C29A8BDFD00CF07F2 /* SplashScreenViewModel.swift */; };
		B3EFFEA429A8BDFD00CF07F2 /* SplashScreenFlow.swift in Sources */ = {isa = PBXBuildFile; fileRef = B3EFFE9D29A8BDFD00CF07F2 /* SplashScreenFlow.swift */; };
		B3EFFEA729A8BE2800CF07F2 /* UIHostingViewControllerCustom.swift in Sources */ = {isa = PBXBuildFile; fileRef = B3EFFEA629A8BE2800CF07F2 /* UIHostingViewControllerCustom.swift */; };
		B3EFFEA929A8BE5100CF07F2 /* NavigationContainerViewController.swift in Sources */ = {isa = PBXBuildFile; fileRef = B3EFFEA829A8BE5100CF07F2 /* NavigationContainerViewController.swift */; };
		B3EFFEAC29A8BEBD00CF07F2 /* SnapKit in Frameworks */ = {isa = PBXBuildFile; productRef = B3EFFEAB29A8BEBD00CF07F2 /* SnapKit */; };
		B3EFFEAE29A8BF1400CF07F2 /* BackButtonNavigationVC.swift in Sources */ = {isa = PBXBuildFile; fileRef = B3EFFEAD29A8BF1400CF07F2 /* BackButtonNavigationVC.swift */; };
		B3EFFEB029A8BF6100CF07F2 /* NavigationVC.swift in Sources */ = {isa = PBXBuildFile; fileRef = B3EFFEAF29A8BF6100CF07F2 /* NavigationVC.swift */; };
		B3EFFEB429A8C17400CF07F2 /* UIViewController+Alert.swift in Sources */ = {isa = PBXBuildFile; fileRef = B3EFFEB329A8C17400CF07F2 /* UIViewController+Alert.swift */; };
		B3EFFEB629A8C18B00CF07F2 /* CompletionHandler.swift in Sources */ = {isa = PBXBuildFile; fileRef = B3EFFEB529A8C18B00CF07F2 /* CompletionHandler.swift */; };
		B3EFFEB829A8C3B700CF07F2 /* ChildViewControllerViewInterface.swift in Sources */ = {isa = PBXBuildFile; fileRef = B3EFFEB729A8C3B700CF07F2 /* ChildViewControllerViewInterface.swift */; };
		B3EFFEBA29A8C3D000CF07F2 /* BaseViewController.swift in Sources */ = {isa = PBXBuildFile; fileRef = B3EFFEB929A8C3D000CF07F2 /* BaseViewController.swift */; };
		B3EFFEBC29A8C4F200CF07F2 /* ViewControllable.swift in Sources */ = {isa = PBXBuildFile; fileRef = B3EFFEBB29A8C4F200CF07F2 /* ViewControllable.swift */; };
		B3EFFEBE29A8C5A500CF07F2 /* UIView+Animation.swift in Sources */ = {isa = PBXBuildFile; fileRef = B3EFFEBD29A8C5A500CF07F2 /* UIView+Animation.swift */; };
		B3EFFEC029A8C5D900CF07F2 /* UIView+AddSubviews.swift in Sources */ = {isa = PBXBuildFile; fileRef = B3EFFEBF29A8C5D900CF07F2 /* UIView+AddSubviews.swift */; };
		B3EFFEC229A8C62F00CF07F2 /* BackButtonAndTitleNavigationVC.swift in Sources */ = {isa = PBXBuildFile; fileRef = B3EFFEC129A8C62F00CF07F2 /* BackButtonAndTitleNavigationVC.swift */; };
		B3EFFEC429A8C72800CF07F2 /* UIControl+Extensions.swift in Sources */ = {isa = PBXBuildFile; fileRef = B3EFFEC329A8C72800CF07F2 /* UIControl+Extensions.swift */; };
		B3EFFECE29A8CDA100CF07F2 /* SceneDelegate.swift in Sources */ = {isa = PBXBuildFile; fileRef = B3EFFECD29A8CDA100CF07F2 /* SceneDelegate.swift */; };
		B3EFFED029A8CE3800CF07F2 /* Resolver+Services.swift in Sources */ = {isa = PBXBuildFile; fileRef = B3EFFECF29A8CE3800CF07F2 /* Resolver+Services.swift */; };
		B3EFFED329A8CE9B00CF07F2 /* Resolver+Injection.swift in Sources */ = {isa = PBXBuildFile; fileRef = B3EFFED229A8CE9B00CF07F2 /* Resolver+Injection.swift */; };
		B3EFFEE529ACBD8E00CF07F2 /* GradientBackgroundStyle.swift in Sources */ = {isa = PBXBuildFile; fileRef = B3EFFEE429ACBD8E00CF07F2 /* GradientBackgroundStyle.swift */; };
		B3EFFEFD29ACC18C00CF07F2 /* GarmentsContract.swift in Sources */ = {isa = PBXBuildFile; fileRef = B3EFFEF629ACC18C00CF07F2 /* GarmentsContract.swift */; };
		B3EFFEFE29ACC18D00CF07F2 /* GarmentsViewController.swift in Sources */ = {isa = PBXBuildFile; fileRef = B3EFFEF729ACC18C00CF07F2 /* GarmentsViewController.swift */; };
		B3EFFEFF29ACC18D00CF07F2 /* GarmentsAssembly.swift in Sources */ = {isa = PBXBuildFile; fileRef = B3EFFEF829ACC18C00CF07F2 /* GarmentsAssembly.swift */; };
		B3EFFF0129ACC18D00CF07F2 /* GarmentsView.swift in Sources */ = {isa = PBXBuildFile; fileRef = B3EFFEFA29ACC18C00CF07F2 /* GarmentsView.swift */; };
		B3EFFF0229ACC18D00CF07F2 /* GarmentsViewModel.swift in Sources */ = {isa = PBXBuildFile; fileRef = B3EFFEFB29ACC18C00CF07F2 /* GarmentsViewModel.swift */; };
		B3EFFF0329ACC18D00CF07F2 /* GarmentsFlow.swift in Sources */ = {isa = PBXBuildFile; fileRef = B3EFFEFC29ACC18C00CF07F2 /* GarmentsFlow.swift */; };
		B3EFFF0529ACC33600CF07F2 /* MainCoordinator.swift in Sources */ = {isa = PBXBuildFile; fileRef = B3EFFF0429ACC33600CF07F2 /* MainCoordinator.swift */; };
		B3EFFF0E29ACD26300CF07F2 /* ConfigurationContract.swift in Sources */ = {isa = PBXBuildFile; fileRef = B3EFFF0729ACD26300CF07F2 /* ConfigurationContract.swift */; };
		B3EFFF0F29ACD26300CF07F2 /* ConfigurationViewController.swift in Sources */ = {isa = PBXBuildFile; fileRef = B3EFFF0829ACD26300CF07F2 /* ConfigurationViewController.swift */; };
		B3EFFF1029ACD26300CF07F2 /* ConfigurationAssembly.swift in Sources */ = {isa = PBXBuildFile; fileRef = B3EFFF0929ACD26300CF07F2 /* ConfigurationAssembly.swift */; };
		B3EFFF1129ACD26300CF07F2 /* ConfigurationNavigationVC.swift in Sources */ = {isa = PBXBuildFile; fileRef = B3EFFF0A29ACD26300CF07F2 /* ConfigurationNavigationVC.swift */; };
		B3EFFF1229ACD26300CF07F2 /* ConfigurationView.swift in Sources */ = {isa = PBXBuildFile; fileRef = B3EFFF0B29ACD26300CF07F2 /* ConfigurationView.swift */; };
		B3EFFF1329ACD26300CF07F2 /* ConfigurationViewModel.swift in Sources */ = {isa = PBXBuildFile; fileRef = B3EFFF0C29ACD26300CF07F2 /* ConfigurationViewModel.swift */; };
		B3EFFF1429ACD26300CF07F2 /* ConfigurationFlow.swift in Sources */ = {isa = PBXBuildFile; fileRef = B3EFFF0D29ACD26300CF07F2 /* ConfigurationFlow.swift */; };
		B3EFFF1629ACE4A000CF07F2 /* GarmentsNavigationVC.swift in Sources */ = {isa = PBXBuildFile; fileRef = B3EFFF1529ACE4A000CF07F2 /* GarmentsNavigationVC.swift */; };
		F22E108029AE11010050FF14 /* ARScreenContract.swift in Sources */ = {isa = PBXBuildFile; fileRef = F22E107929AE11010050FF14 /* ARScreenContract.swift */; };
		F22E108129AE11010050FF14 /* ARScreenViewController.swift in Sources */ = {isa = PBXBuildFile; fileRef = F22E107A29AE11010050FF14 /* ARScreenViewController.swift */; };
		F22E108229AE11010050FF14 /* ARScreenAssembly.swift in Sources */ = {isa = PBXBuildFile; fileRef = F22E107B29AE11010050FF14 /* ARScreenAssembly.swift */; };
		F22E108329AE11010050FF14 /* ARScreenNavigationVC.swift in Sources */ = {isa = PBXBuildFile; fileRef = F22E107C29AE11010050FF14 /* ARScreenNavigationVC.swift */; };
		F22E108429AE11010050FF14 /* ARScreenView.swift in Sources */ = {isa = PBXBuildFile; fileRef = F22E107D29AE11010050FF14 /* ARScreenView.swift */; };
		F22E108529AE11010050FF14 /* ARScreenViewModel.swift in Sources */ = {isa = PBXBuildFile; fileRef = F22E107E29AE11010050FF14 /* ARScreenViewModel.swift */; };
		F22E108629AE11010050FF14 /* ARScreenFlow.swift in Sources */ = {isa = PBXBuildFile; fileRef = F22E107F29AE11010050FF14 /* ARScreenFlow.swift */; };
		F22E108E29AE12D80050FF14 /* SCNRecorder in Frameworks */ = {isa = PBXBuildFile; productRef = F22E108D29AE12D80050FF14 /* SCNRecorder */; };
		F22E109629AE181E0050FF14 /* ARViewRecordable.swift in Sources */ = {isa = PBXBuildFile; fileRef = F22E109529AE181E0050FF14 /* ARViewRecordable.swift */; };
		F22E109829AE18270050FF14 /* ARViewSelfSceneRecordable.swift in Sources */ = {isa = PBXBuildFile; fileRef = F22E109729AE18270050FF14 /* ARViewSelfSceneRecordable.swift */; };
		F22EE63529AFABFC00D709CD /* ARResultContract.swift in Sources */ = {isa = PBXBuildFile; fileRef = F22EE62E29AFABFC00D709CD /* ARResultContract.swift */; };
		F22EE63629AFABFC00D709CD /* ARResultViewController.swift in Sources */ = {isa = PBXBuildFile; fileRef = F22EE62F29AFABFC00D709CD /* ARResultViewController.swift */; };
		F22EE63729AFABFC00D709CD /* ARResultAssembly.swift in Sources */ = {isa = PBXBuildFile; fileRef = F22EE63029AFABFC00D709CD /* ARResultAssembly.swift */; };
		F22EE63829AFABFC00D709CD /* ARResultNavigationVC.swift in Sources */ = {isa = PBXBuildFile; fileRef = F22EE63129AFABFC00D709CD /* ARResultNavigationVC.swift */; };
		F22EE63929AFABFC00D709CD /* ARResultView.swift in Sources */ = {isa = PBXBuildFile; fileRef = F22EE63229AFABFC00D709CD /* ARResultView.swift */; };
		F22EE63A29AFABFC00D709CD /* ARResultViewModel.swift in Sources */ = {isa = PBXBuildFile; fileRef = F22EE63329AFABFC00D709CD /* ARResultViewModel.swift */; };
		F22EE63B29AFABFC00D709CD /* ARResultFlow.swift in Sources */ = {isa = PBXBuildFile; fileRef = F22EE63429AFABFC00D709CD /* ARResultFlow.swift */; };
		F24CE91C29B5F7900076D241 /* test.usdz in Resources */ = {isa = PBXBuildFile; fileRef = F24CE91829B5F78F0076D241 /* test.usdz */; };
		F24CE91E29B5F7900076D241 /* robot.usdz in Resources */ = {isa = PBXBuildFile; fileRef = F24CE91A29B5F78F0076D241 /* robot.usdz */; };
		F24CE91F29B5F7900076D241 /* tshirtModel.usdz in Resources */ = {isa = PBXBuildFile; fileRef = F24CE91B29B5F78F0076D241 /* tshirtModel.usdz */; };
		F2E999EF29B88FAF00CEC4C9 /* AppConstants.swift in Sources */ = {isa = PBXBuildFile; fileRef = F2E999EE29B88FAF00CEC4C9 /* AppConstants.swift */; };
/* End PBXBuildFile section */

/* Begin PBXFileReference section */
		B381674929A39BA40077A9FB /* Strings+Generated.swift */ = {isa = PBXFileReference; fileEncoding = 4; lastKnownFileType = sourcecode.swift; path = "Strings+Generated.swift"; sourceTree = "<group>"; };
		B381674A29A39BA40077A9FB /* XCAssets+Generated.swift */ = {isa = PBXFileReference; fileEncoding = 4; lastKnownFileType = sourcecode.swift; path = "XCAssets+Generated.swift"; sourceTree = "<group>"; };
		B3B2C8C2299F7BEA00474A3D /* GarmentConfigurator.app */ = {isa = PBXFileReference; explicitFileType = wrapper.application; includeInIndex = 0; path = GarmentConfigurator.app; sourceTree = BUILT_PRODUCTS_DIR; };
		B3B2C8C5299F7BEA00474A3D /* AppDelegate.swift */ = {isa = PBXFileReference; lastKnownFileType = sourcecode.swift; path = AppDelegate.swift; sourceTree = "<group>"; };
		B3B2C8CB299F7BEC00474A3D /* Images.xcassets */ = {isa = PBXFileReference; lastKnownFileType = folder.assetcatalog; path = Images.xcassets; sourceTree = "<group>"; };
		B3B2C8CE299F7BEC00474A3D /* Preview Assets.xcassets */ = {isa = PBXFileReference; lastKnownFileType = folder.assetcatalog; path = "Preview Assets.xcassets"; sourceTree = "<group>"; };
		B3B2C8D5299F7F8500474A3D /* Info.plist */ = {isa = PBXFileReference; lastKnownFileType = text.plist.xml; name = Info.plist; path = GarmentConfigurator/Resources/Info.plist; sourceTree = SOURCE_ROOT; };
		B3CDC11A29A371CB00AD0B7A /* en */ = {isa = PBXFileReference; lastKnownFileType = text.plist.strings; name = en; path = en.lproj/InfoPlist.strings; sourceTree = "<group>"; };
		B3CDC11C29A371DE00AD0B7A /* it */ = {isa = PBXFileReference; lastKnownFileType = text.plist.strings; name = it; path = it.lproj/InfoPlist.strings; sourceTree = "<group>"; };
		B3CDC11D29A371DF00AD0B7A /* ru */ = {isa = PBXFileReference; lastKnownFileType = text.plist.strings; name = ru; path = ru.lproj/InfoPlist.strings; sourceTree = "<group>"; };
		B3CDC12129A398B000AD0B7A /* Colors.xcassets */ = {isa = PBXFileReference; lastKnownFileType = folder.assetcatalog; path = Colors.xcassets; sourceTree = "<group>"; };
		B3D8BCE1299F89F400BEA574 /* en */ = {isa = PBXFileReference; lastKnownFileType = text.plist.strings; name = en; path = en.lproj/Localizable.strings; sourceTree = "<group>"; };
		B3D8BCE3299F8A6900BEA574 /* ru */ = {isa = PBXFileReference; lastKnownFileType = text.plist.strings; name = ru; path = ru.lproj/Localizable.strings; sourceTree = "<group>"; };
		B3D8BCE4299F8A7800BEA574 /* it */ = {isa = PBXFileReference; lastKnownFileType = text.plist.strings; name = it; path = it.lproj/Localizable.strings; sourceTree = "<group>"; };
		B3EFFE8A29A8B7E500CF07F2 /* BaseCoordinator.swift */ = {isa = PBXFileReference; lastKnownFileType = sourcecode.swift; path = BaseCoordinator.swift; sourceTree = "<group>"; };
		B3EFFE8C29A8B81000CF07F2 /* Router.swift */ = {isa = PBXFileReference; lastKnownFileType = sourcecode.swift; path = Router.swift; sourceTree = "<group>"; };
		B3EFFE8E29A8B81D00CF07F2 /* BaseNavigationController.swift */ = {isa = PBXFileReference; lastKnownFileType = sourcecode.swift; path = BaseNavigationController.swift; sourceTree = "<group>"; };
		B3EFFE9029A8B87200CF07F2 /* NotificationCenter.swift */ = {isa = PBXFileReference; lastKnownFileType = sourcecode.swift; path = NotificationCenter.swift; sourceTree = "<group>"; };
		B3EFFE9529A8BA3700CF07F2 /* AppCoordinator.swift */ = {isa = PBXFileReference; lastKnownFileType = sourcecode.swift; path = AppCoordinator.swift; sourceTree = "<group>"; };
		B3EFFE9729A8BDFD00CF07F2 /* SplashScreenContract.swift */ = {isa = PBXFileReference; lastKnownFileType = sourcecode.swift; path = SplashScreenContract.swift; sourceTree = "<group>"; };
		B3EFFE9829A8BDFD00CF07F2 /* SplashScreenViewController.swift */ = {isa = PBXFileReference; lastKnownFileType = sourcecode.swift; path = SplashScreenViewController.swift; sourceTree = "<group>"; };
		B3EFFE9929A8BDFD00CF07F2 /* SplashScreenAssembly.swift */ = {isa = PBXFileReference; lastKnownFileType = sourcecode.swift; path = SplashScreenAssembly.swift; sourceTree = "<group>"; };
		B3EFFE9B29A8BDFD00CF07F2 /* SplashScreenView.swift */ = {isa = PBXFileReference; lastKnownFileType = sourcecode.swift; path = SplashScreenView.swift; sourceTree = "<group>"; };
		B3EFFE9C29A8BDFD00CF07F2 /* SplashScreenViewModel.swift */ = {isa = PBXFileReference; lastKnownFileType = sourcecode.swift; path = SplashScreenViewModel.swift; sourceTree = "<group>"; };
		B3EFFE9D29A8BDFD00CF07F2 /* SplashScreenFlow.swift */ = {isa = PBXFileReference; lastKnownFileType = sourcecode.swift; path = SplashScreenFlow.swift; sourceTree = "<group>"; };
		B3EFFEA629A8BE2800CF07F2 /* UIHostingViewControllerCustom.swift */ = {isa = PBXFileReference; lastKnownFileType = sourcecode.swift; path = UIHostingViewControllerCustom.swift; sourceTree = "<group>"; };
		B3EFFEA829A8BE5100CF07F2 /* NavigationContainerViewController.swift */ = {isa = PBXFileReference; lastKnownFileType = sourcecode.swift; path = NavigationContainerViewController.swift; sourceTree = "<group>"; };
		B3EFFEAD29A8BF1400CF07F2 /* BackButtonNavigationVC.swift */ = {isa = PBXFileReference; lastKnownFileType = sourcecode.swift; path = BackButtonNavigationVC.swift; sourceTree = "<group>"; };
		B3EFFEAF29A8BF6100CF07F2 /* NavigationVC.swift */ = {isa = PBXFileReference; lastKnownFileType = sourcecode.swift; path = NavigationVC.swift; sourceTree = "<group>"; };
		B3EFFEB329A8C17400CF07F2 /* UIViewController+Alert.swift */ = {isa = PBXFileReference; lastKnownFileType = sourcecode.swift; path = "UIViewController+Alert.swift"; sourceTree = "<group>"; };
		B3EFFEB529A8C18B00CF07F2 /* CompletionHandler.swift */ = {isa = PBXFileReference; lastKnownFileType = sourcecode.swift; path = CompletionHandler.swift; sourceTree = "<group>"; };
		B3EFFEB729A8C3B700CF07F2 /* ChildViewControllerViewInterface.swift */ = {isa = PBXFileReference; lastKnownFileType = sourcecode.swift; path = ChildViewControllerViewInterface.swift; sourceTree = "<group>"; };
		B3EFFEB929A8C3D000CF07F2 /* BaseViewController.swift */ = {isa = PBXFileReference; lastKnownFileType = sourcecode.swift; path = BaseViewController.swift; sourceTree = "<group>"; };
		B3EFFEBB29A8C4F200CF07F2 /* ViewControllable.swift */ = {isa = PBXFileReference; lastKnownFileType = sourcecode.swift; path = ViewControllable.swift; sourceTree = "<group>"; };
		B3EFFEBD29A8C5A500CF07F2 /* UIView+Animation.swift */ = {isa = PBXFileReference; lastKnownFileType = sourcecode.swift; path = "UIView+Animation.swift"; sourceTree = "<group>"; };
		B3EFFEBF29A8C5D900CF07F2 /* UIView+AddSubviews.swift */ = {isa = PBXFileReference; lastKnownFileType = sourcecode.swift; path = "UIView+AddSubviews.swift"; sourceTree = "<group>"; };
		B3EFFEC129A8C62F00CF07F2 /* BackButtonAndTitleNavigationVC.swift */ = {isa = PBXFileReference; lastKnownFileType = sourcecode.swift; path = BackButtonAndTitleNavigationVC.swift; sourceTree = "<group>"; };
		B3EFFEC329A8C72800CF07F2 /* UIControl+Extensions.swift */ = {isa = PBXFileReference; lastKnownFileType = sourcecode.swift; path = "UIControl+Extensions.swift"; sourceTree = "<group>"; };
		B3EFFECD29A8CDA100CF07F2 /* SceneDelegate.swift */ = {isa = PBXFileReference; lastKnownFileType = sourcecode.swift; path = SceneDelegate.swift; sourceTree = "<group>"; };
		B3EFFECF29A8CE3800CF07F2 /* Resolver+Services.swift */ = {isa = PBXFileReference; lastKnownFileType = sourcecode.swift; path = "Resolver+Services.swift"; sourceTree = "<group>"; };
		B3EFFED229A8CE9B00CF07F2 /* Resolver+Injection.swift */ = {isa = PBXFileReference; lastKnownFileType = sourcecode.swift; path = "Resolver+Injection.swift"; sourceTree = "<group>"; };
		B3EFFEE429ACBD8E00CF07F2 /* GradientBackgroundStyle.swift */ = {isa = PBXFileReference; lastKnownFileType = sourcecode.swift; path = GradientBackgroundStyle.swift; sourceTree = "<group>"; };
		B3EFFEF629ACC18C00CF07F2 /* GarmentsContract.swift */ = {isa = PBXFileReference; lastKnownFileType = sourcecode.swift; path = GarmentsContract.swift; sourceTree = "<group>"; };
		B3EFFEF729ACC18C00CF07F2 /* GarmentsViewController.swift */ = {isa = PBXFileReference; lastKnownFileType = sourcecode.swift; path = GarmentsViewController.swift; sourceTree = "<group>"; };
		B3EFFEF829ACC18C00CF07F2 /* GarmentsAssembly.swift */ = {isa = PBXFileReference; lastKnownFileType = sourcecode.swift; path = GarmentsAssembly.swift; sourceTree = "<group>"; };
		B3EFFEFA29ACC18C00CF07F2 /* GarmentsView.swift */ = {isa = PBXFileReference; lastKnownFileType = sourcecode.swift; path = GarmentsView.swift; sourceTree = "<group>"; };
		B3EFFEFB29ACC18C00CF07F2 /* GarmentsViewModel.swift */ = {isa = PBXFileReference; lastKnownFileType = sourcecode.swift; path = GarmentsViewModel.swift; sourceTree = "<group>"; };
		B3EFFEFC29ACC18C00CF07F2 /* GarmentsFlow.swift */ = {isa = PBXFileReference; lastKnownFileType = sourcecode.swift; path = GarmentsFlow.swift; sourceTree = "<group>"; };
		B3EFFF0429ACC33600CF07F2 /* MainCoordinator.swift */ = {isa = PBXFileReference; fileEncoding = 4; lastKnownFileType = sourcecode.swift; path = MainCoordinator.swift; sourceTree = "<group>"; };
		B3EFFF0729ACD26300CF07F2 /* ConfigurationContract.swift */ = {isa = PBXFileReference; lastKnownFileType = sourcecode.swift; path = ConfigurationContract.swift; sourceTree = "<group>"; };
		B3EFFF0829ACD26300CF07F2 /* ConfigurationViewController.swift */ = {isa = PBXFileReference; lastKnownFileType = sourcecode.swift; path = ConfigurationViewController.swift; sourceTree = "<group>"; };
		B3EFFF0929ACD26300CF07F2 /* ConfigurationAssembly.swift */ = {isa = PBXFileReference; lastKnownFileType = sourcecode.swift; path = ConfigurationAssembly.swift; sourceTree = "<group>"; };
		B3EFFF0A29ACD26300CF07F2 /* ConfigurationNavigationVC.swift */ = {isa = PBXFileReference; lastKnownFileType = sourcecode.swift; path = ConfigurationNavigationVC.swift; sourceTree = "<group>"; };
		B3EFFF0B29ACD26300CF07F2 /* ConfigurationView.swift */ = {isa = PBXFileReference; lastKnownFileType = sourcecode.swift; path = ConfigurationView.swift; sourceTree = "<group>"; };
		B3EFFF0C29ACD26300CF07F2 /* ConfigurationViewModel.swift */ = {isa = PBXFileReference; lastKnownFileType = sourcecode.swift; path = ConfigurationViewModel.swift; sourceTree = "<group>"; };
		B3EFFF0D29ACD26300CF07F2 /* ConfigurationFlow.swift */ = {isa = PBXFileReference; lastKnownFileType = sourcecode.swift; path = ConfigurationFlow.swift; sourceTree = "<group>"; };
		B3EFFF1529ACE4A000CF07F2 /* GarmentsNavigationVC.swift */ = {isa = PBXFileReference; lastKnownFileType = sourcecode.swift; path = GarmentsNavigationVC.swift; sourceTree = "<group>"; };
		F22E107929AE11010050FF14 /* ARScreenContract.swift */ = {isa = PBXFileReference; lastKnownFileType = sourcecode.swift; path = ARScreenContract.swift; sourceTree = "<group>"; };
		F22E107A29AE11010050FF14 /* ARScreenViewController.swift */ = {isa = PBXFileReference; lastKnownFileType = sourcecode.swift; path = ARScreenViewController.swift; sourceTree = "<group>"; };
		F22E107B29AE11010050FF14 /* ARScreenAssembly.swift */ = {isa = PBXFileReference; lastKnownFileType = sourcecode.swift; path = ARScreenAssembly.swift; sourceTree = "<group>"; };
		F22E107C29AE11010050FF14 /* ARScreenNavigationVC.swift */ = {isa = PBXFileReference; lastKnownFileType = sourcecode.swift; path = ARScreenNavigationVC.swift; sourceTree = "<group>"; };
		F22E107D29AE11010050FF14 /* ARScreenView.swift */ = {isa = PBXFileReference; lastKnownFileType = sourcecode.swift; path = ARScreenView.swift; sourceTree = "<group>"; };
		F22E107E29AE11010050FF14 /* ARScreenViewModel.swift */ = {isa = PBXFileReference; lastKnownFileType = sourcecode.swift; path = ARScreenViewModel.swift; sourceTree = "<group>"; };
		F22E107F29AE11010050FF14 /* ARScreenFlow.swift */ = {isa = PBXFileReference; lastKnownFileType = sourcecode.swift; path = ARScreenFlow.swift; sourceTree = "<group>"; };
		F22E109529AE181E0050FF14 /* ARViewRecordable.swift */ = {isa = PBXFileReference; lastKnownFileType = sourcecode.swift; path = ARViewRecordable.swift; sourceTree = "<group>"; };
		F22E109729AE18270050FF14 /* ARViewSelfSceneRecordable.swift */ = {isa = PBXFileReference; lastKnownFileType = sourcecode.swift; path = ARViewSelfSceneRecordable.swift; sourceTree = "<group>"; };
		F22EE62E29AFABFC00D709CD /* ARResultContract.swift */ = {isa = PBXFileReference; lastKnownFileType = sourcecode.swift; path = ARResultContract.swift; sourceTree = "<group>"; };
		F22EE62F29AFABFC00D709CD /* ARResultViewController.swift */ = {isa = PBXFileReference; lastKnownFileType = sourcecode.swift; path = ARResultViewController.swift; sourceTree = "<group>"; };
		F22EE63029AFABFC00D709CD /* ARResultAssembly.swift */ = {isa = PBXFileReference; lastKnownFileType = sourcecode.swift; path = ARResultAssembly.swift; sourceTree = "<group>"; };
		F22EE63129AFABFC00D709CD /* ARResultNavigationVC.swift */ = {isa = PBXFileReference; lastKnownFileType = sourcecode.swift; path = ARResultNavigationVC.swift; sourceTree = "<group>"; };
		F22EE63229AFABFC00D709CD /* ARResultView.swift */ = {isa = PBXFileReference; lastKnownFileType = sourcecode.swift; path = ARResultView.swift; sourceTree = "<group>"; };
		F22EE63329AFABFC00D709CD /* ARResultViewModel.swift */ = {isa = PBXFileReference; lastKnownFileType = sourcecode.swift; path = ARResultViewModel.swift; sourceTree = "<group>"; };
		F22EE63429AFABFC00D709CD /* ARResultFlow.swift */ = {isa = PBXFileReference; lastKnownFileType = sourcecode.swift; path = ARResultFlow.swift; sourceTree = "<group>"; };
		F24CE91829B5F78F0076D241 /* test.usdz */ = {isa = PBXFileReference; lastKnownFileType = file.usdz; path = test.usdz; sourceTree = "<group>"; };
		F24CE91A29B5F78F0076D241 /* robot.usdz */ = {isa = PBXFileReference; lastKnownFileType = file.usdz; path = robot.usdz; sourceTree = "<group>"; };
		F24CE91B29B5F78F0076D241 /* tshirtModel.usdz */ = {isa = PBXFileReference; lastKnownFileType = file.usdz; path = tshirtModel.usdz; sourceTree = "<group>"; };
		F2E999EE29B88FAF00CEC4C9 /* AppConstants.swift */ = {isa = PBXFileReference; lastKnownFileType = sourcecode.swift; path = AppConstants.swift; sourceTree = "<group>"; };
/* End PBXFileReference section */

/* Begin PBXFrameworksBuildPhase section */
		B3B2C8BF299F7BEA00474A3D /* Frameworks */ = {
			isa = PBXFrameworksBuildPhase;
			buildActionMask = 2147483647;
			files = (
				F22E108E29AE12D80050FF14 /* SCNRecorder in Frameworks */,
				B3EFFE9429A8B99500CF07F2 /* Resolver in Frameworks */,
				B3EFFEAC29A8BEBD00CF07F2 /* SnapKit in Frameworks */,
			);
			runOnlyForDeploymentPostprocessing = 0;
		};
/* End PBXFrameworksBuildPhase section */

/* Begin PBXGroup section */
		B3B2C8B9299F7BEA00474A3D = {
			isa = PBXGroup;
			children = (
				B3B2C8C4299F7BEA00474A3D /* GarmentConfigurator */,
				B3B2C8C3299F7BEA00474A3D /* Products */,
			);
			sourceTree = "<group>";
		};
		B3B2C8C3299F7BEA00474A3D /* Products */ = {
			isa = PBXGroup;
			children = (
				B3B2C8C2299F7BEA00474A3D /* GarmentConfigurator.app */,
			);
			name = Products;
			sourceTree = "<group>";
		};
		B3B2C8C4299F7BEA00474A3D /* GarmentConfigurator */ = {
			isa = PBXGroup;
			children = (
				B3D8BCDB299F87AF00BEA574 /* App */,
				B3EFFEC529A8C88C00CF07F2 /* Coordinators */,
				B3EFFEC929A8C8DF00CF07F2 /* Core */,
				B3EFFEC729A8C8CB00CF07F2 /* UI */,
				B3EFFECC29A8C99800CF07F2 /* Assemblies */,
				B3B2C8DB299F867900474A3D /* Resources */,
			);
			path = GarmentConfigurator;
			sourceTree = "<group>";
		};
		B3B2C8CD299F7BEC00474A3D /* Preview Content */ = {
			isa = PBXGroup;
			children = (
				B3B2C8CE299F7BEC00474A3D /* Preview Assets.xcassets */,
			);
			path = "Preview Content";
			sourceTree = "<group>";
		};
		B3B2C8DB299F867900474A3D /* Resources */ = {
			isa = PBXGroup;
			children = (
				B3B2C8CB299F7BEC00474A3D /* Images.xcassets */,
				B3CDC12129A398B000AD0B7A /* Colors.xcassets */,
				B3B2C8D5299F7F8500474A3D /* Info.plist */,
				B3CDC12029A3981A00AD0B7A /* Generated */,
				B3CDC11E29A371E400AD0B7A /* Localization */,
				B3B2C8CD299F7BEC00474A3D /* Preview Content */,
			);
			name = Resources;
			path = GarmentConfigurator/Resources;
			sourceTree = SOURCE_ROOT;
		};
		B3CDC11E29A371E400AD0B7A /* Localization */ = {
			isa = PBXGroup;
			children = (
				B3CDC11B29A371CB00AD0B7A /* InfoPlist.strings */,
				B3D8BCE2299F89F400BEA574 /* Localizable.strings */,
			);
			path = Localization;
			sourceTree = "<group>";
		};
		B3CDC12029A3981A00AD0B7A /* Generated */ = {
			isa = PBXGroup;
			children = (
				B381674929A39BA40077A9FB /* Strings+Generated.swift */,
				B381674A29A39BA40077A9FB /* XCAssets+Generated.swift */,
			);
			path = Generated;
			sourceTree = "<group>";
		};
		B3D8BCDB299F87AF00BEA574 /* App */ = {
			isa = PBXGroup;
			children = (
				B3B2C8C5299F7BEA00474A3D /* AppDelegate.swift */,
				B3EFFECD29A8CDA100CF07F2 /* SceneDelegate.swift */,
			);
			path = App;
			sourceTree = "<group>";
		};
		B3EFFEA529A8BE0200CF07F2 /* SplashScreen */ = {
			isa = PBXGroup;
			children = (
				B3EFFE9729A8BDFD00CF07F2 /* SplashScreenContract.swift */,
				B3EFFE9829A8BDFD00CF07F2 /* SplashScreenViewController.swift */,
				B3EFFE9929A8BDFD00CF07F2 /* SplashScreenAssembly.swift */,
				B3EFFE9B29A8BDFD00CF07F2 /* SplashScreenView.swift */,
				B3EFFE9C29A8BDFD00CF07F2 /* SplashScreenViewModel.swift */,
				B3EFFE9D29A8BDFD00CF07F2 /* SplashScreenFlow.swift */,
			);
			path = SplashScreen;
			sourceTree = "<group>";
		};
		B3EFFEC529A8C88C00CF07F2 /* Coordinators */ = {
			isa = PBXGroup;
			children = (
				B3EFFE9529A8BA3700CF07F2 /* AppCoordinator.swift */,
				B3EFFF0429ACC33600CF07F2 /* MainCoordinator.swift */,
				B3EFFEC629A8C89700CF07F2 /* Base */,
			);
			path = Coordinators;
			sourceTree = "<group>";
		};
		B3EFFEC629A8C89700CF07F2 /* Base */ = {
			isa = PBXGroup;
			children = (
				B3EFFE8A29A8B7E500CF07F2 /* BaseCoordinator.swift */,
				B3EFFE8C29A8B81000CF07F2 /* Router.swift */,
			);
			path = Base;
			sourceTree = "<group>";
		};
		B3EFFEC729A8C8CB00CF07F2 /* UI */ = {
			isa = PBXGroup;
			children = (
				B3EFFEC829A8C8D100CF07F2 /* Core */,
				B3EFFECB29A8C94400CF07F2 /* Extensions */,
				B3EFFEE629ACBD9100CF07F2 /* Buttons */,
			);
			path = UI;
			sourceTree = "<group>";
		};
		B3EFFEC829A8C8D100CF07F2 /* Core */ = {
			isa = PBXGroup;
			children = (
				B3EFFEBB29A8C4F200CF07F2 /* ViewControllable.swift */,
				B3EFFEB929A8C3D000CF07F2 /* BaseViewController.swift */,
				B3EFFEB729A8C3B700CF07F2 /* ChildViewControllerViewInterface.swift */,
				B3EFFEB529A8C18B00CF07F2 /* CompletionHandler.swift */,
				B3EFFE8E29A8B81D00CF07F2 /* BaseNavigationController.swift */,
				B3EFFECA29A8C90400CF07F2 /* Navigation */,
			);
			path = Core;
			sourceTree = "<group>";
		};
		B3EFFEC929A8C8DF00CF07F2 /* Core */ = {
			isa = PBXGroup;
			children = (
				B3EFFEA629A8BE2800CF07F2 /* UIHostingViewControllerCustom.swift */,
				B3EFFE9029A8B87200CF07F2 /* NotificationCenter.swift */,
				F2E999EE29B88FAF00CEC4C9 /* AppConstants.swift */,
				B3EFFED129A8CE8400CF07F2 /* Resolver */,
			);
			path = Core;
			sourceTree = "<group>";
		};
		B3EFFECA29A8C90400CF07F2 /* Navigation */ = {
			isa = PBXGroup;
			children = (
				B3EFFEAF29A8BF6100CF07F2 /* NavigationVC.swift */,
				B3EFFEAD29A8BF1400CF07F2 /* BackButtonNavigationVC.swift */,
				B3EFFEA829A8BE5100CF07F2 /* NavigationContainerViewController.swift */,
				B3EFFEC129A8C62F00CF07F2 /* BackButtonAndTitleNavigationVC.swift */,
			);
			path = Navigation;
			sourceTree = "<group>";
		};
		B3EFFECB29A8C94400CF07F2 /* Extensions */ = {
			isa = PBXGroup;
			children = (
				B3EFFEB329A8C17400CF07F2 /* UIViewController+Alert.swift */,
				B3EFFEBF29A8C5D900CF07F2 /* UIView+AddSubviews.swift */,
				B3EFFEC329A8C72800CF07F2 /* UIControl+Extensions.swift */,
				B3EFFEBD29A8C5A500CF07F2 /* UIView+Animation.swift */,
			);
			path = Extensions;
			sourceTree = "<group>";
		};
		B3EFFECC29A8C99800CF07F2 /* Assemblies */ = {
			isa = PBXGroup;
			children = (
				F22EE62D29AFABE600D709CD /* ARResult */,
				F22E107829AE10E90050FF14 /* ARScreen */,
				B3EFFF0629ACD24F00CF07F2 /* Configuration */,
				B3EFFEE729ACC14A00CF07F2 /* Garments */,
				B3EFFEA529A8BE0200CF07F2 /* SplashScreen */,
			);
			path = Assemblies;
			sourceTree = "<group>";
		};
		B3EFFED129A8CE8400CF07F2 /* Resolver */ = {
			isa = PBXGroup;
			children = (
				B3EFFECF29A8CE3800CF07F2 /* Resolver+Services.swift */,
				B3EFFED229A8CE9B00CF07F2 /* Resolver+Injection.swift */,
			);
			path = Resolver;
			sourceTree = "<group>";
		};
		B3EFFEE629ACBD9100CF07F2 /* Buttons */ = {
			isa = PBXGroup;
			children = (
				B3EFFEE429ACBD8E00CF07F2 /* GradientBackgroundStyle.swift */,
			);
			path = Buttons;
			sourceTree = "<group>";
		};
		B3EFFEE729ACC14A00CF07F2 /* Garments */ = {
			isa = PBXGroup;
			children = (
				B3EFFEF629ACC18C00CF07F2 /* GarmentsContract.swift */,
				B3EFFF1529ACE4A000CF07F2 /* GarmentsNavigationVC.swift */,
				B3EFFEF729ACC18C00CF07F2 /* GarmentsViewController.swift */,
				B3EFFEF829ACC18C00CF07F2 /* GarmentsAssembly.swift */,
				B3EFFEFA29ACC18C00CF07F2 /* GarmentsView.swift */,
				B3EFFEFB29ACC18C00CF07F2 /* GarmentsViewModel.swift */,
				B3EFFEFC29ACC18C00CF07F2 /* GarmentsFlow.swift */,
			);
			path = Garments;
			sourceTree = "<group>";
		};
		B3EFFF0629ACD24F00CF07F2 /* Configuration */ = {
			isa = PBXGroup;
			children = (
				B3EFFF0729ACD26300CF07F2 /* ConfigurationContract.swift */,
				B3EFFF0829ACD26300CF07F2 /* ConfigurationViewController.swift */,
				B3EFFF0929ACD26300CF07F2 /* ConfigurationAssembly.swift */,
				B3EFFF0A29ACD26300CF07F2 /* ConfigurationNavigationVC.swift */,
				B3EFFF0B29ACD26300CF07F2 /* ConfigurationView.swift */,
				B3EFFF0C29ACD26300CF07F2 /* ConfigurationViewModel.swift */,
				B3EFFF0D29ACD26300CF07F2 /* ConfigurationFlow.swift */,
			);
			path = Configuration;
			sourceTree = "<group>";
		};
		F22E107829AE10E90050FF14 /* ARScreen */ = {
			isa = PBXGroup;
			children = (
				F22E107929AE11010050FF14 /* ARScreenContract.swift */,
				F22E107A29AE11010050FF14 /* ARScreenViewController.swift */,
				F22E107B29AE11010050FF14 /* ARScreenAssembly.swift */,
				F22E107C29AE11010050FF14 /* ARScreenNavigationVC.swift */,
				F22E107D29AE11010050FF14 /* ARScreenView.swift */,
				F22E107E29AE11010050FF14 /* ARScreenViewModel.swift */,
				F22E107F29AE11010050FF14 /* ARScreenFlow.swift */,
				F22E109529AE181E0050FF14 /* ARViewRecordable.swift */,
				F22E109729AE18270050FF14 /* ARViewSelfSceneRecordable.swift */,
				F24CE91A29B5F78F0076D241 /* robot.usdz */,
				F24CE91829B5F78F0076D241 /* test.usdz */,
				F24CE91B29B5F78F0076D241 /* tshirtModel.usdz */,
			);
			path = ARScreen;
			sourceTree = "<group>";
		};
		F22EE62D29AFABE600D709CD /* ARResult */ = {
			isa = PBXGroup;
			children = (
				F22EE62E29AFABFC00D709CD /* ARResultContract.swift */,
				F22EE62F29AFABFC00D709CD /* ARResultViewController.swift */,
				F22EE63029AFABFC00D709CD /* ARResultAssembly.swift */,
				F22EE63129AFABFC00D709CD /* ARResultNavigationVC.swift */,
				F22EE63229AFABFC00D709CD /* ARResultView.swift */,
				F22EE63329AFABFC00D709CD /* ARResultViewModel.swift */,
				F22EE63429AFABFC00D709CD /* ARResultFlow.swift */,
			);
			path = ARResult;
			sourceTree = "<group>";
		};
/* End PBXGroup section */

/* Begin PBXNativeTarget section */
		B3B2C8C1299F7BEA00474A3D /* GarmentConfigurator */ = {
			isa = PBXNativeTarget;
			buildConfigurationList = B3B2C8D2299F7BEC00474A3D /* Build configuration list for PBXNativeTarget "GarmentConfigurator" */;
			buildPhases = (
				B381674E29A3ADEE0077A9FB /* SwiftGen */,
				B3B2C8BE299F7BEA00474A3D /* Sources */,
				B3B2C8BF299F7BEA00474A3D /* Frameworks */,
				B3B2C8C0299F7BEA00474A3D /* Resources */,
				B3D8BCE9299F8FEB00BEA574 /* ShellScript */,
			);
			buildRules = (
			);
			dependencies = (
			);
			name = GarmentConfigurator;
			packageProductDependencies = (
				B3EFFE9329A8B99500CF07F2 /* Resolver */,
				B3EFFEAB29A8BEBD00CF07F2 /* SnapKit */,
				F22E108D29AE12D80050FF14 /* SCNRecorder */,
			);
			productName = GarmentConfigurator;
			productReference = B3B2C8C2299F7BEA00474A3D /* GarmentConfigurator.app */;
			productType = "com.apple.product-type.application";
		};
/* End PBXNativeTarget section */

/* Begin PBXProject section */
		B3B2C8BA299F7BEA00474A3D /* Project object */ = {
			isa = PBXProject;
			attributes = {
				BuildIndependentTargetsInParallel = 1;
				LastSwiftUpdateCheck = 1420;
				LastUpgradeCheck = 1420;
				TargetAttributes = {
					B3B2C8C1299F7BEA00474A3D = {
						CreatedOnToolsVersion = 14.2;
					};
				};
			};
			buildConfigurationList = B3B2C8BD299F7BEA00474A3D /* Build configuration list for PBXProject "GarmentConfigurator" */;
			compatibilityVersion = "Xcode 14.0";
			developmentRegion = en;
			hasScannedForEncodings = 0;
			knownRegions = (
				en,
				Base,
				ru,
				it,
			);
			mainGroup = B3B2C8B9299F7BEA00474A3D;
			packageReferences = (
				B3EFFE9229A8B99500CF07F2 /* XCRemoteSwiftPackageReference "Resolver" */,
				B3EFFEAA29A8BEBD00CF07F2 /* XCRemoteSwiftPackageReference "SnapKit" */,
				F22E108C29AE12D80050FF14 /* XCRemoteSwiftPackageReference "SCNRecorder" */,
			);
			productRefGroup = B3B2C8C3299F7BEA00474A3D /* Products */;
			projectDirPath = "";
			projectRoot = "";
			targets = (
				B3B2C8C1299F7BEA00474A3D /* GarmentConfigurator */,
			);
		};
/* End PBXProject section */

/* Begin PBXResourcesBuildPhase section */
		B3B2C8C0299F7BEA00474A3D /* Resources */ = {
			isa = PBXResourcesBuildPhase;
			buildActionMask = 2147483647;
			files = (
				B3CDC12229A398B000AD0B7A /* Colors.xcassets in Resources */,
				F24CE91F29B5F7900076D241 /* tshirtModel.usdz in Resources */,
				B3B2C8CF299F7BEC00474A3D /* Preview Assets.xcassets in Resources */,
				B3CDC11929A371CB00AD0B7A /* InfoPlist.strings in Resources */,
				B3D8BCE0299F89F400BEA574 /* Localizable.strings in Resources */,
				B3B2C8CC299F7BEC00474A3D /* Images.xcassets in Resources */,
				F24CE91E29B5F7900076D241 /* robot.usdz in Resources */,
				F24CE91C29B5F7900076D241 /* test.usdz in Resources */,
			);
			runOnlyForDeploymentPostprocessing = 0;
		};
/* End PBXResourcesBuildPhase section */

/* Begin PBXShellScriptBuildPhase section */
		B381674E29A3ADEE0077A9FB /* SwiftGen */ = {
			isa = PBXShellScriptBuildPhase;
			alwaysOutOfDate = 1;
			buildActionMask = 2147483647;
			files = (
			);
			inputFileListPaths = (
			);
			inputPaths = (
			);
			name = SwiftGen;
			outputFileListPaths = (
			);
			outputPaths = (
			);
			runOnlyForDeploymentPostprocessing = 0;
			shellPath = /bin/sh;
			shellScript = "export PATH=\"$PATH:/opt/homebrew/bin\"\n\nif which swiftgen; then\n  swiftgen\nelse\n  echo \"warning: SwiftGen not installed, download it from https://github.com/SwiftGen/SwiftGen\"\nfi\n";
		};
		B3D8BCE9299F8FEB00BEA574 /* ShellScript */ = {
			isa = PBXShellScriptBuildPhase;
			alwaysOutOfDate = 1;
			buildActionMask = 2147483647;
			files = (
			);
			inputFileListPaths = (
			);
			inputPaths = (
			);
			outputFileListPaths = (
			);
			outputPaths = (
			);
			runOnlyForDeploymentPostprocessing = 0;
			shellPath = /bin/sh;
			shellScript = "export PATH=\"$PATH:/opt/homebrew/bin\"\nif which swiftlint > /dev/null; then\n  swiftlint --fix && swiftlint\nelse\n  echo \"warning: SwiftLint not installed, download from https://github.com/realm/SwiftLint\"\nfi\n";
		};
/* End PBXShellScriptBuildPhase section */

/* Begin PBXSourcesBuildPhase section */
		B3B2C8BE299F7BEA00474A3D /* Sources */ = {
			isa = PBXSourcesBuildPhase;
			buildActionMask = 2147483647;
			files = (
				B3EFFEB629A8C18B00CF07F2 /* CompletionHandler.swift in Sources */,
				F22EE63729AFABFC00D709CD /* ARResultAssembly.swift in Sources */,
				B3EFFF1129ACD26300CF07F2 /* ConfigurationNavigationVC.swift in Sources */,
				F22E109629AE181E0050FF14 /* ARViewRecordable.swift in Sources */,
				B3EFFEBC29A8C4F200CF07F2 /* ViewControllable.swift in Sources */,
				B3EFFEFF29ACC18D00CF07F2 /* GarmentsAssembly.swift in Sources */,
				B3EFFEA929A8BE5100CF07F2 /* NavigationContainerViewController.swift in Sources */,
				B3EFFED029A8CE3800CF07F2 /* Resolver+Services.swift in Sources */,
				B3EFFEBE29A8C5A500CF07F2 /* UIView+Animation.swift in Sources */,
				F22EE63629AFABFC00D709CD /* ARResultViewController.swift in Sources */,
				F22E108429AE11010050FF14 /* ARScreenView.swift in Sources */,
				B3EFFEA029A8BDFD00CF07F2 /* SplashScreenAssembly.swift in Sources */,
				B3EFFE8B29A8B7E500CF07F2 /* BaseCoordinator.swift in Sources */,
				F22E108129AE11010050FF14 /* ARScreenViewController.swift in Sources */,
				B3EFFE8F29A8B81D00CF07F2 /* BaseNavigationController.swift in Sources */,
				B3EFFF0129ACC18D00CF07F2 /* GarmentsView.swift in Sources */,
				F22EE63B29AFABFC00D709CD /* ARResultFlow.swift in Sources */,
				F22EE63A29AFABFC00D709CD /* ARResultViewModel.swift in Sources */,
				B3EFFEBA29A8C3D000CF07F2 /* BaseViewController.swift in Sources */,
				B3EFFEC029A8C5D900CF07F2 /* UIView+AddSubviews.swift in Sources */,
				B3EFFEA729A8BE2800CF07F2 /* UIHostingViewControllerCustom.swift in Sources */,
				B3EFFEFE29ACC18D00CF07F2 /* GarmentsViewController.swift in Sources */,
				B3EFFEB429A8C17400CF07F2 /* UIViewController+Alert.swift in Sources */,
				F22E108329AE11010050FF14 /* ARScreenNavigationVC.swift in Sources */,
				B3EFFF0E29ACD26300CF07F2 /* ConfigurationContract.swift in Sources */,
				B3EFFEA429A8BDFD00CF07F2 /* SplashScreenFlow.swift in Sources */,
				F22E108529AE11010050FF14 /* ARScreenViewModel.swift in Sources */,
				B3EFFE9129A8B87200CF07F2 /* NotificationCenter.swift in Sources */,
				F22EE63529AFABFC00D709CD /* ARResultContract.swift in Sources */,
				B3B2C8C6299F7BEA00474A3D /* AppDelegate.swift in Sources */,
				B3EFFE9F29A8BDFD00CF07F2 /* SplashScreenViewController.swift in Sources */,
				F22EE63829AFABFC00D709CD /* ARResultNavigationVC.swift in Sources */,
				F22E108029AE11010050FF14 /* ARScreenContract.swift in Sources */,
				B3EFFEFD29ACC18C00CF07F2 /* GarmentsContract.swift in Sources */,
				B3EFFECE29A8CDA100CF07F2 /* SceneDelegate.swift in Sources */,
				B3EFFF1429ACD26300CF07F2 /* ConfigurationFlow.swift in Sources */,
				B3EFFF1229ACD26300CF07F2 /* ConfigurationView.swift in Sources */,
				B3EFFEA229A8BDFD00CF07F2 /* SplashScreenView.swift in Sources */,
				B381674B29A39BA40077A9FB /* Strings+Generated.swift in Sources */,
				B3EFFED329A8CE9B00CF07F2 /* Resolver+Injection.swift in Sources */,
				F22EE63929AFABFC00D709CD /* ARResultView.swift in Sources */,
				B3EFFE9629A8BA3700CF07F2 /* AppCoordinator.swift in Sources */,
				F22E109829AE18270050FF14 /* ARViewSelfSceneRecordable.swift in Sources */,
				B3EFFF0329ACC18D00CF07F2 /* GarmentsFlow.swift in Sources */,
				B3EFFEC229A8C62F00CF07F2 /* BackButtonAndTitleNavigationVC.swift in Sources */,
				B3EFFEE529ACBD8E00CF07F2 /* GradientBackgroundStyle.swift in Sources */,
				F2E999EF29B88FAF00CEC4C9 /* AppConstants.swift in Sources */,
				B3EFFEC429A8C72800CF07F2 /* UIControl+Extensions.swift in Sources */,
				B3EFFF0229ACC18D00CF07F2 /* GarmentsViewModel.swift in Sources */,
				B3EFFE8D29A8B81000CF07F2 /* Router.swift in Sources */,
				B3EFFEB029A8BF6100CF07F2 /* NavigationVC.swift in Sources */,
				B3EFFF1029ACD26300CF07F2 /* ConfigurationAssembly.swift in Sources */,
				B3EFFF0F29ACD26300CF07F2 /* ConfigurationViewController.swift in Sources */,
				B3EFFEB829A8C3B700CF07F2 /* ChildViewControllerViewInterface.swift in Sources */,
				B3EFFF1629ACE4A000CF07F2 /* GarmentsNavigationVC.swift in Sources */,
				B3EFFF0529ACC33600CF07F2 /* MainCoordinator.swift in Sources */,
				B3EFFE9E29A8BDFD00CF07F2 /* SplashScreenContract.swift in Sources */,
				F22E108629AE11010050FF14 /* ARScreenFlow.swift in Sources */,
				F22E108229AE11010050FF14 /* ARScreenAssembly.swift in Sources */,
				B381674C29A39BA40077A9FB /* XCAssets+Generated.swift in Sources */,
				B3EFFEAE29A8BF1400CF07F2 /* BackButtonNavigationVC.swift in Sources */,
				B3EFFEA329A8BDFD00CF07F2 /* SplashScreenViewModel.swift in Sources */,
				B3EFFF1329ACD26300CF07F2 /* ConfigurationViewModel.swift in Sources */,
			);
			runOnlyForDeploymentPostprocessing = 0;
		};
/* End PBXSourcesBuildPhase section */

/* Begin PBXVariantGroup section */
		B3CDC11B29A371CB00AD0B7A /* InfoPlist.strings */ = {
			isa = PBXVariantGroup;
			children = (
				B3CDC11A29A371CB00AD0B7A /* en */,
				B3CDC11C29A371DE00AD0B7A /* it */,
				B3CDC11D29A371DF00AD0B7A /* ru */,
			);
			name = InfoPlist.strings;
			sourceTree = "<group>";
		};
		B3D8BCE2299F89F400BEA574 /* Localizable.strings */ = {
			isa = PBXVariantGroup;
			children = (
				B3D8BCE1299F89F400BEA574 /* en */,
				B3D8BCE3299F8A6900BEA574 /* ru */,
				B3D8BCE4299F8A7800BEA574 /* it */,
			);
			name = Localizable.strings;
			sourceTree = "<group>";
		};
/* End PBXVariantGroup section */

/* Begin XCBuildConfiguration section */
		B3B2C8D0299F7BEC00474A3D /* Debug */ = {
			isa = XCBuildConfiguration;
			buildSettings = {
				ALWAYS_SEARCH_USER_PATHS = NO;
				CLANG_ANALYZER_LOCALIZABILITY_NONLOCALIZED = YES;
				CLANG_ANALYZER_NONNULL = YES;
				CLANG_ANALYZER_NUMBER_OBJECT_CONVERSION = YES_AGGRESSIVE;
				CLANG_CXX_LANGUAGE_STANDARD = "gnu++20";
				CLANG_ENABLE_MODULES = YES;
				CLANG_ENABLE_OBJC_ARC = YES;
				CLANG_ENABLE_OBJC_WEAK = YES;
				CLANG_WARN_BLOCK_CAPTURE_AUTORELEASING = YES;
				CLANG_WARN_BOOL_CONVERSION = YES;
				CLANG_WARN_COMMA = YES;
				CLANG_WARN_CONSTANT_CONVERSION = YES;
				CLANG_WARN_DEPRECATED_OBJC_IMPLEMENTATIONS = YES;
				CLANG_WARN_DIRECT_OBJC_ISA_USAGE = YES_ERROR;
				CLANG_WARN_DOCUMENTATION_COMMENTS = YES;
				CLANG_WARN_EMPTY_BODY = YES;
				CLANG_WARN_ENUM_CONVERSION = YES;
				CLANG_WARN_INFINITE_RECURSION = YES;
				CLANG_WARN_INT_CONVERSION = YES;
				CLANG_WARN_NON_LITERAL_NULL_CONVERSION = YES;
				CLANG_WARN_OBJC_IMPLICIT_RETAIN_SELF = YES;
				CLANG_WARN_OBJC_LITERAL_CONVERSION = YES;
				CLANG_WARN_OBJC_ROOT_CLASS = YES_ERROR;
				CLANG_WARN_QUOTED_INCLUDE_IN_FRAMEWORK_HEADER = YES;
				CLANG_WARN_RANGE_LOOP_ANALYSIS = YES;
				CLANG_WARN_STRICT_PROTOTYPES = YES;
				CLANG_WARN_SUSPICIOUS_MOVE = YES;
				CLANG_WARN_UNGUARDED_AVAILABILITY = YES_AGGRESSIVE;
				CLANG_WARN_UNREACHABLE_CODE = YES;
				CLANG_WARN__DUPLICATE_METHOD_MATCH = YES;
				COPY_PHASE_STRIP = NO;
				DEBUG_INFORMATION_FORMAT = dwarf;
				ENABLE_STRICT_OBJC_MSGSEND = YES;
				ENABLE_TESTABILITY = YES;
				GCC_C_LANGUAGE_STANDARD = gnu11;
				GCC_DYNAMIC_NO_PIC = NO;
				GCC_NO_COMMON_BLOCKS = YES;
				GCC_OPTIMIZATION_LEVEL = 0;
				GCC_PREPROCESSOR_DEFINITIONS = (
					"DEBUG=1",
					"$(inherited)",
				);
				GCC_WARN_64_TO_32_BIT_CONVERSION = YES;
				GCC_WARN_ABOUT_RETURN_TYPE = YES_ERROR;
				GCC_WARN_UNDECLARED_SELECTOR = YES;
				GCC_WARN_UNINITIALIZED_AUTOS = YES_AGGRESSIVE;
				GCC_WARN_UNUSED_FUNCTION = YES;
				GCC_WARN_UNUSED_VARIABLE = YES;
				IPHONEOS_DEPLOYMENT_TARGET = 16.0;
				MTL_ENABLE_DEBUG_INFO = INCLUDE_SOURCE;
				MTL_FAST_MATH = YES;
				ONLY_ACTIVE_ARCH = YES;
				SDKROOT = iphoneos;
				SWIFT_ACTIVE_COMPILATION_CONDITIONS = DEBUG;
				SWIFT_EMIT_LOC_STRINGS = YES;
				SWIFT_OPTIMIZATION_LEVEL = "-Onone";
			};
			name = Debug;
		};
		B3B2C8D1299F7BEC00474A3D /* Release */ = {
			isa = XCBuildConfiguration;
			buildSettings = {
				ALWAYS_SEARCH_USER_PATHS = NO;
				CLANG_ANALYZER_LOCALIZABILITY_NONLOCALIZED = YES;
				CLANG_ANALYZER_NONNULL = YES;
				CLANG_ANALYZER_NUMBER_OBJECT_CONVERSION = YES_AGGRESSIVE;
				CLANG_CXX_LANGUAGE_STANDARD = "gnu++20";
				CLANG_ENABLE_MODULES = YES;
				CLANG_ENABLE_OBJC_ARC = YES;
				CLANG_ENABLE_OBJC_WEAK = YES;
				CLANG_WARN_BLOCK_CAPTURE_AUTORELEASING = YES;
				CLANG_WARN_BOOL_CONVERSION = YES;
				CLANG_WARN_COMMA = YES;
				CLANG_WARN_CONSTANT_CONVERSION = YES;
				CLANG_WARN_DEPRECATED_OBJC_IMPLEMENTATIONS = YES;
				CLANG_WARN_DIRECT_OBJC_ISA_USAGE = YES_ERROR;
				CLANG_WARN_DOCUMENTATION_COMMENTS = YES;
				CLANG_WARN_EMPTY_BODY = YES;
				CLANG_WARN_ENUM_CONVERSION = YES;
				CLANG_WARN_INFINITE_RECURSION = YES;
				CLANG_WARN_INT_CONVERSION = YES;
				CLANG_WARN_NON_LITERAL_NULL_CONVERSION = YES;
				CLANG_WARN_OBJC_IMPLICIT_RETAIN_SELF = YES;
				CLANG_WARN_OBJC_LITERAL_CONVERSION = YES;
				CLANG_WARN_OBJC_ROOT_CLASS = YES_ERROR;
				CLANG_WARN_QUOTED_INCLUDE_IN_FRAMEWORK_HEADER = YES;
				CLANG_WARN_RANGE_LOOP_ANALYSIS = YES;
				CLANG_WARN_STRICT_PROTOTYPES = YES;
				CLANG_WARN_SUSPICIOUS_MOVE = YES;
				CLANG_WARN_UNGUARDED_AVAILABILITY = YES_AGGRESSIVE;
				CLANG_WARN_UNREACHABLE_CODE = YES;
				CLANG_WARN__DUPLICATE_METHOD_MATCH = YES;
				COPY_PHASE_STRIP = NO;
				DEBUG_INFORMATION_FORMAT = "dwarf-with-dsym";
				ENABLE_NS_ASSERTIONS = NO;
				ENABLE_STRICT_OBJC_MSGSEND = YES;
				GCC_C_LANGUAGE_STANDARD = gnu11;
				GCC_NO_COMMON_BLOCKS = YES;
				GCC_WARN_64_TO_32_BIT_CONVERSION = YES;
				GCC_WARN_ABOUT_RETURN_TYPE = YES_ERROR;
				GCC_WARN_UNDECLARED_SELECTOR = YES;
				GCC_WARN_UNINITIALIZED_AUTOS = YES_AGGRESSIVE;
				GCC_WARN_UNUSED_FUNCTION = YES;
				GCC_WARN_UNUSED_VARIABLE = YES;
				IPHONEOS_DEPLOYMENT_TARGET = 16.0;
				MTL_ENABLE_DEBUG_INFO = NO;
				MTL_FAST_MATH = YES;
				SDKROOT = iphoneos;
				SWIFT_COMPILATION_MODE = wholemodule;
				SWIFT_EMIT_LOC_STRINGS = YES;
				SWIFT_OPTIMIZATION_LEVEL = "-O";
				VALIDATE_PRODUCT = YES;
			};
			name = Release;
		};
		B3B2C8D3299F7BEC00474A3D /* Debug */ = {
			isa = XCBuildConfiguration;
			buildSettings = {
				ASSETCATALOG_COMPILER_APPICON_NAME = AppIcon;
				ASSETCATALOG_COMPILER_GLOBAL_ACCENT_COLOR_NAME = AccentColor;
				ASSETCATALOG_COMPILER_INCLUDE_ALL_APPICON_ASSETS = NO;
				CODE_SIGN_STYLE = Automatic;
				CURRENT_PROJECT_VERSION = 1;
				DEVELOPMENT_ASSET_PATHS = "GarmentConfigurator/Resources/Preview\\ Content";
				DEVELOPMENT_TEAM = 38BRD9SJV7;
				ENABLE_PREVIEWS = YES;
				GENERATE_INFOPLIST_FILE = YES;
				INFOPLIST_FILE = GarmentConfigurator/Resources/Info.plist;
				INFOPLIST_KEY_CFBundleDisplayName = ARgo;
				INFOPLIST_KEY_LSApplicationCategoryType = "public.app-category.business";
				INFOPLIST_KEY_NSCameraUsageDescription = "";
				INFOPLIST_KEY_NSPhotoLibraryUsageDescription = "";
				INFOPLIST_KEY_UIApplicationSupportsIndirectInputEvents = YES;
				INFOPLIST_KEY_UILaunchScreen_Generation = YES;
				INFOPLIST_KEY_UIRequiredDeviceCapabilities = arkit;
				INFOPLIST_KEY_UIStatusBarHidden = YES;
				INFOPLIST_KEY_UIStatusBarStyle = UIStatusBarStyleDarkContent;
				INFOPLIST_KEY_UISupportedInterfaceOrientations = UIInterfaceOrientationPortrait;
				INFOPLIST_KEY_UISupportedInterfaceOrientations_iPad = "UIInterfaceOrientationLandscapeLeft UIInterfaceOrientationLandscapeRight UIInterfaceOrientationPortrait";
				IPHONEOS_DEPLOYMENT_TARGET = 16.0;
				LD_RUNPATH_SEARCH_PATHS = (
					"$(inherited)",
					"@executable_path/Frameworks",
				);
				MARKETING_VERSION = 1.0.1;
				PRODUCT_BUNDLE_IDENTIFIER = com.argoVol2.GarmentConfigurator;
				PRODUCT_NAME = "$(TARGET_NAME)";
				SUPPORTED_PLATFORMS = "iphoneos iphonesimulator";
				SUPPORTS_MACCATALYST = NO;
				SUPPORTS_MAC_DESIGNED_FOR_IPHONE_IPAD = NO;
				SWIFT_EMIT_LOC_STRINGS = YES;
				SWIFT_VERSION = 5.0;
				TARGETED_DEVICE_FAMILY = 1;
			};
			name = Debug;
		};
		B3B2C8D4299F7BEC00474A3D /* Release */ = {
			isa = XCBuildConfiguration;
			buildSettings = {
				ASSETCATALOG_COMPILER_APPICON_NAME = AppIcon;
				ASSETCATALOG_COMPILER_GLOBAL_ACCENT_COLOR_NAME = AccentColor;
				ASSETCATALOG_COMPILER_INCLUDE_ALL_APPICON_ASSETS = NO;
				CODE_SIGN_STYLE = Automatic;
				CURRENT_PROJECT_VERSION = 1;
				DEVELOPMENT_ASSET_PATHS = "GarmentConfigurator/Resources/Preview\\ Content";
				DEVELOPMENT_TEAM = 38BRD9SJV7;
				ENABLE_PREVIEWS = YES;
				GENERATE_INFOPLIST_FILE = YES;
				INFOPLIST_FILE = GarmentConfigurator/Resources/Info.plist;
				INFOPLIST_KEY_CFBundleDisplayName = ARgo;
				INFOPLIST_KEY_LSApplicationCategoryType = "public.app-category.business";
				INFOPLIST_KEY_NSCameraUsageDescription = "";
				INFOPLIST_KEY_NSPhotoLibraryUsageDescription = "";
				INFOPLIST_KEY_UIApplicationSupportsIndirectInputEvents = YES;
				INFOPLIST_KEY_UILaunchScreen_Generation = YES;
				INFOPLIST_KEY_UIRequiredDeviceCapabilities = arkit;
				INFOPLIST_KEY_UIStatusBarHidden = YES;
				INFOPLIST_KEY_UIStatusBarStyle = UIStatusBarStyleDarkContent;
				INFOPLIST_KEY_UISupportedInterfaceOrientations = UIInterfaceOrientationPortrait;
				INFOPLIST_KEY_UISupportedInterfaceOrientations_iPad = "UIInterfaceOrientationLandscapeLeft UIInterfaceOrientationLandscapeRight UIInterfaceOrientationPortrait";
				IPHONEOS_DEPLOYMENT_TARGET = 16.0;
				LD_RUNPATH_SEARCH_PATHS = (
					"$(inherited)",
					"@executable_path/Frameworks",
				);
				MARKETING_VERSION = 1.0.1;
				PRODUCT_BUNDLE_IDENTIFIER = com.argoVol2.GarmentConfigurator;
				PRODUCT_NAME = "$(TARGET_NAME)";
				SUPPORTED_PLATFORMS = "iphoneos iphonesimulator";
				SUPPORTS_MACCATALYST = NO;
				SUPPORTS_MAC_DESIGNED_FOR_IPHONE_IPAD = NO;
				SWIFT_EMIT_LOC_STRINGS = YES;
				SWIFT_VERSION = 5.0;
				TARGETED_DEVICE_FAMILY = 1;
			};
			name = Release;
		};
/* End XCBuildConfiguration section */

/* Begin XCConfigurationList section */
		B3B2C8BD299F7BEA00474A3D /* Build configuration list for PBXProject "GarmentConfigurator" */ = {
			isa = XCConfigurationList;
			buildConfigurations = (
				B3B2C8D0299F7BEC00474A3D /* Debug */,
				B3B2C8D1299F7BEC00474A3D /* Release */,
			);
			defaultConfigurationIsVisible = 0;
			defaultConfigurationName = Release;
		};
		B3B2C8D2299F7BEC00474A3D /* Build configuration list for PBXNativeTarget "GarmentConfigurator" */ = {
			isa = XCConfigurationList;
			buildConfigurations = (
				B3B2C8D3299F7BEC00474A3D /* Debug */,
				B3B2C8D4299F7BEC00474A3D /* Release */,
			);
			defaultConfigurationIsVisible = 0;
			defaultConfigurationName = Release;
		};
/* End XCConfigurationList section */

/* Begin XCRemoteSwiftPackageReference section */
		B3EFFE9229A8B99500CF07F2 /* XCRemoteSwiftPackageReference "Resolver" */ = {
			isa = XCRemoteSwiftPackageReference;
			repositoryURL = "https://github.com/hmlongco/Resolver";
			requirement = {
				kind = upToNextMajorVersion;
				minimumVersion = 1.0.0;
			};
		};
		B3EFFEAA29A8BEBD00CF07F2 /* XCRemoteSwiftPackageReference "SnapKit" */ = {
			isa = XCRemoteSwiftPackageReference;
			repositoryURL = "https://github.com/SnapKit/SnapKit";
			requirement = {
				kind = upToNextMajorVersion;
				minimumVersion = 5.0.0;
			};
		};
		F22E108C29AE12D80050FF14 /* XCRemoteSwiftPackageReference "SCNRecorder" */ = {
			isa = XCRemoteSwiftPackageReference;
			repositoryURL = "https://github.com/gorastudio-ceo/SCNRecorder";
			requirement = {
				kind = upToNextMajorVersion;
				minimumVersion = 2.0.0;
			};
		};
/* End XCRemoteSwiftPackageReference section */

/* Begin XCSwiftPackageProductDependency section */
		B3EFFE9329A8B99500CF07F2 /* Resolver */ = {
			isa = XCSwiftPackageProductDependency;
			package = B3EFFE9229A8B99500CF07F2 /* XCRemoteSwiftPackageReference "Resolver" */;
			productName = Resolver;
		};
		B3EFFEAB29A8BEBD00CF07F2 /* SnapKit */ = {
			isa = XCSwiftPackageProductDependency;
			package = B3EFFEAA29A8BEBD00CF07F2 /* XCRemoteSwiftPackageReference "SnapKit" */;
			productName = SnapKit;
		};
		F22E108D29AE12D80050FF14 /* SCNRecorder */ = {
			isa = XCSwiftPackageProductDependency;
			package = F22E108C29AE12D80050FF14 /* XCRemoteSwiftPackageReference "SCNRecorder" */;
			productName = SCNRecorder;
		};
/* End XCSwiftPackageProductDependency section */
	};
	rootObject = B3B2C8BA299F7BEA00474A3D /* Project object */;
}
